PODS:
  - Nimble (9.2.1)
  - WebRTCForTesting (0.0.1)

DEPENDENCIES:
  - Nimble (~> 9.0)
  - WebRTCForTesting (from `../../../out/`)

SPEC REPOS:
  trunk:
    - Nimble

EXTERNAL SOURCES:
  WebRTCForTesting:
    :path: "../../../out/"

SPEC CHECKSUMS:
  Nimble: e7e615c0335ee4bf5b0d786685451e62746117d5
  WebRTCForTesting: ff4429619838fdb844c51afdac36cc033360ceeb

PODFILE CHECKSUM: 4e51f5b40367d7fa52c82d411ebcf3a9e78c24a3

COCOAPODS: 1.15.2
