PODS:
  - CocoaLumberjack (3.7.0):
    - CocoaLumberjack/Core (= 3.7.0)
  - CocoaLumberjack/Core (3.7.0)
  - GRKOpenSSLFramework (1.0.2.20.2)
  - Nimble (8.1.2)
  - PromiseKit (6.13.1):
    - PromiseKit/CorePromise (= 6.13.1)
    - PromiseKit/Foundation (= 6.13.1)
    - PromiseKit/UIKit (= 6.13.1)
  - PromiseKit/CorePromise (6.13.1)
  - PromiseKit/Foundation (6.13.1):
    - PromiseKit/CorePromise
  - PromiseKit/UIKit (6.13.1):
    - PromiseKit/CorePromise
  - SignalCoreKit (1.0.0):
    - CocoaLumberjack
    - GRKOpenSSLFramework
  - SignalCoreKit/Tests (1.0.0):
    - CocoaLumberjack
    - GRKOpenSSLFramework
  - WebRTCForTesting (0.0.1)

DEPENDENCIES:
  - Nimble (~> 8.1.2)
  - PromiseKit
  - SignalCoreKit (from `https://github.com/signalapp/SignalCoreKit.git`)
  - SignalCoreKit/Tests (from `https://github.com/signalapp/SignalCoreKit.git`)
  - WebRTCForTesting (from `../../../out/`)

SPEC REPOS:
  https://github.com/CocoaPods/Specs.git:
    - CocoaLumberjack
    - GRKOpenSSLFramework
    - PromiseKit
  trunk:
    - Nimble

EXTERNAL SOURCES:
  SignalCoreKit:
    :git: https://github.com/signalapp/SignalCoreKit.git
  WebRTCForTesting:
    :path: "../../../out/"

CHECKOUT OPTIONS:
  SignalCoreKit:
    :commit: cfefb262ba319a2d0051c97f0bdd4f6c98db3336
    :git: https://github.com/signalapp/SignalCoreKit.git

SPEC CHECKSUMS:
  CocoaLumberjack: e8955b9d337ac307103b0a34fd141c32f27e53c5
  GRKOpenSSLFramework: 01e3dd58a1d865111ac9439841119ff91a26e1f2
  Nimble: 3864815b4703c7ebffba875973c70e854489fbae
  PromiseKit: 28fda91c973cc377875d8c0ea4f973013c05b6db
  SignalCoreKit: 4562b2bbd9830077439ca003f952a798457d4ea5
  WebRTCForTesting: 36bc4fa8d793bb4b13f475dcacf62936fee63533

PODFILE CHECKSUM: f972f44fec87ff3449382f8b9cb4c80cc872e6a9

COCOAPODS: 1.9.2
